
Microsoft Visual Studio Solution File, Format Version 12.00
# Visual Studio Version 16
VisualStudioVersion = 16.0.31112.23
MinimumVisualStudioVersion = 10.0.40219.1
Project("{FAE04EC0-301F-11D3-BF4B-00C04F79EFBC}") = "MovieTicketBooking", "MovieTicketBooking.csproj", "{E78F5C08-458C-4178-B14A-D1B4CA42E09D}"
EndProject
Project("{FAE04EC0-301F-11D3-BF4B-00C04F79EFBC}") = "1.Presentation", "..\BusinessLayer\1.Presentation.csproj", "{B3659347-073F-46BC-8271-EF4468751E02}"
EndProject
Project("{FAE04EC0-301F-11D3-BF4B-00C04F79EFBC}") = "2.Business Domain", "..\DataAccessLayer\2.Business Domain.csproj", "{3C60E4FD-8054-4068-BFDE-9AB774D8F04C}"
EndProject
Project("{FAE04EC0-301F-11D3-BF4B-00C04F79EFBC}") = "3.DataAccess", "..\3.DataAccess\3.DataAccess.csproj", "{5C92EE0C-FE85-443B-B6FD-E6EB910E2EDF}"
EndProject
Project("{FAE04EC0-301F-11D3-BF4B-00C04F79EFBC}") = "Shared", "..\Shared\Shared.csproj", "{7ED6A3A2-3713-493A-8353-3D9EDCF69435}"
EndProject
Global
	GlobalSection(SolutionConfigurationPlatforms) = preSolution
		Debug|Any CPU = Debug|Any CPU
		Release|Any CPU = Release|Any CPU
	EndGlobalSection
	GlobalSection(ProjectConfigurationPlatforms) = postSolution
		{E78F5C08-458C-4178-B14A-D1B4CA42E09D}.Debug|Any CPU.ActiveCfg = Debug|Any CPU
		{E78F5C08-458C-4178-B14A-D1B4CA42E09D}.Debug|Any CPU.Build.0 = Debug|Any CPU
		{E78F5C08-458C-4178-B14A-D1B4CA42E09D}.Release|Any CPU.ActiveCfg = Release|Any CPU
		{E78F5C08-458C-4178-B14A-D1B4CA42E09D}.Release|Any CPU.Build.0 = Release|Any CPU
		{B3659347-073F-46BC-8271-EF4468751E02}.Debug|Any CPU.ActiveCfg = Debug|Any CPU
		{B3659347-073F-46BC-8271-EF4468751E02}.Debug|Any CPU.Build.0 = Debug|Any CPU
		{B3659347-073F-46BC-8271-EF4468751E02}.Release|Any CPU.ActiveCfg = Release|Any CPU
		{B3659347-073F-46BC-8271-EF4468751E02}.Release|Any CPU.Build.0 = Release|Any CPU
		{3C60E4FD-8054-4068-BFDE-9AB774D8F04C}.Debug|Any CPU.ActiveCfg = Debug|Any CPU
		{3C60E4FD-8054-4068-BFDE-9AB774D8F04C}.Debug|Any CPU.Build.0 = Debug|Any CPU
		{3C60E4FD-8054-4068-BFDE-9AB774D8F04C}.Release|Any CPU.ActiveCfg = Release|Any CPU
		{3C60E4FD-8054-4068-BFDE-9AB774D8F04C}.Release|Any CPU.Build.0 = Release|Any CPU
		{5C92EE0C-FE85-443B-B6FD-E6EB910E2EDF}.Debug|Any CPU.ActiveCfg = Debug|Any CPU
		{5C92EE0C-FE85-443B-B6FD-E6EB910E2EDF}.Debug|Any CPU.Build.0 = Debug|Any CPU
		{5C92EE0C-FE85-443B-B6FD-E6EB910E2EDF}.Release|Any CPU.ActiveCfg = Release|Any CPU
		{5C92EE0C-FE85-443B-B6FD-E6EB910E2EDF}.Release|Any CPU.Build.0 = Release|Any CPU
		{7ED6A3A2-3713-493A-8353-3D9EDCF69435}.Debug|Any CPU.ActiveCfg = Debug|Any CPU
		{7ED6A3A2-3713-493A-8353-3D9EDCF69435}.Debug|Any CPU.Build.0 = Debug|Any CPU
		{7ED6A3A2-3713-493A-8353-3D9EDCF69435}.Release|Any CPU.ActiveCfg = Release|Any CPU
		{7ED6A3A2-3713-493A-8353-3D9EDCF69435}.Release|Any CPU.Build.0 = Release|Any CPU
	EndGlobalSection
	GlobalSection(SolutionProperties) = preSolution
		HideSolutionNode = FALSE
	EndGlobalSection
	GlobalSection(ExtensibilityGlobals) = postSolution
		SolutionGuid = {B3DA4D9E-B297-4DD4-8C0A-D7A86DCCD682}
	EndGlobalSection
EndGlobal
